
Microsoft Visual Studio Solution File, Format Version 12.00
# Visual Studio Version 16
VisualStudioVersion = 16.0.31605.320
MinimumVisualStudioVersion = 10.0.40219.1
Project("{FAE04EC0-301F-11D3-BF4B-00C04F79EFBC}") = "110-ContainerMVC", "110-ContainerMVC.csproj", "{C4F616B4-6D9D-444D-B5E6-D6B6E6C4D373}"
EndProject
Global
	GlobalSection(SolutionConfigurationPlatforms) = preSolution
		Debug|Any CPU = Debug|Any CPU
		Release|Any CPU = Release|Any CPU
	EndGlobalSection
	GlobalSection(ProjectConfigurationPlatforms) = postSolution
		{C4F616B4-6D9D-444D-B5E6-D6B6E6C4D373}.Debug|Any CPU.ActiveCfg = Debug|Any CPU
		{C4F616B4-6D9D-444D-B5E6-D6B6E6C4D373}.Debug|Any CPU.Build.0 = Debug|Any CPU
		{C4F616B4-6D9D-444D-B5E6-D6B6E6C4D373}.Release|Any CPU.ActiveCfg = Release|Any CPU
		{C4F616B4-6D9D-444D-B5E6-D6B6E6C4D373}.Release|Any CPU.Build.0 = Release|Any CPU
	EndGlobalSection
	GlobalSection(SolutionProperties) = preSolution
		HideSolutionNode = FALSE
	EndGlobalSection
	GlobalSection(ExtensibilityGlobals) = postSolution
		SolutionGuid = {53BCC99B-3161-44B3-B523-32164C5D93D1}
	EndGlobalSection
EndGlobal
