
Microsoft Visual Studio Solution File, Format Version 12.00
# Visual Studio Version 17
VisualStudioVersion = 17.5.33516.290
MinimumVisualStudioVersion = 10.0.40219.1
Project("{FAE04EC0-301F-11D3-BF4B-00C04F79EFBC}") = "AIPlaygroundForms", "AIPlaygroundForms.csproj", "{3A5C2E4A-0EFA-4D3C-81C8-78E901446E81}"
EndProject
Project("{9A19103F-16F7-4668-BE54-9A1E7A4F7556}") = "AzureSearchQuickstart-v11", "..\SearchQuickStart\AzureSearchQuickstart-v11.csproj", "{491B60AE-F618-4473-8C87-916796AA3E7E}"
EndProject
Global
	GlobalSection(SolutionConfigurationPlatforms) = preSolution
		Debug|Any CPU = Debug|Any CPU
		Release|Any CPU = Release|Any CPU
	EndGlobalSection
	GlobalSection(ProjectConfigurationPlatforms) = postSolution
		{3A5C2E4A-0EFA-4D3C-81C8-78E901446E81}.Debug|Any CPU.ActiveCfg = Debug|Any CPU
		{3A5C2E4A-0EFA-4D3C-81C8-78E901446E81}.Debug|Any CPU.Build.0 = Debug|Any CPU
		{3A5C2E4A-0EFA-4D3C-81C8-78E901446E81}.Release|Any CPU.ActiveCfg = Release|Any CPU
		{3A5C2E4A-0EFA-4D3C-81C8-78E901446E81}.Release|Any CPU.Build.0 = Release|Any CPU
		{491B60AE-F618-4473-8C87-916796AA3E7E}.Debug|Any CPU.ActiveCfg = Debug|Any CPU
		{491B60AE-F618-4473-8C87-916796AA3E7E}.Debug|Any CPU.Build.0 = Debug|Any CPU
		{491B60AE-F618-4473-8C87-916796AA3E7E}.Release|Any CPU.ActiveCfg = Release|Any CPU
		{491B60AE-F618-4473-8C87-916796AA3E7E}.Release|Any CPU.Build.0 = Release|Any CPU
	EndGlobalSection
	GlobalSection(SolutionProperties) = preSolution
		HideSolutionNode = FALSE
	EndGlobalSection
	GlobalSection(ExtensibilityGlobals) = postSolution
		SolutionGuid = {AA4CB96F-AEBD-4658-A699-54722AC38B61}
	EndGlobalSection
EndGlobal
